# THIS IS AN AUTOGENERATED FILE. DO NOT EDIT THIS FILE DIRECTLY.
# yarn lockfile v1


tiddlywiki@^5.1.19:
  version "5.1.19"
  resolved "https://registry.yarnpkg.com/tiddlywiki/-/tiddlywiki-5.1.19.tgz#23721b643963a2fb8494d384a6f4a76820bd1615"
  integrity sha512-G7JnwrQJ6d2ue49yaBl7WzmTOV/WH/mm4WgknChr6z8sSUVU+czPoYBXfwqHOuCbdZqWRPjiYfjkdm+eUiWodw==
